
Microsoft Visual Studio Solution File, Format Version 12.00
# Visual Studio Version 17
VisualStudioVersion = 17.13.35931.197 d17.13
MinimumVisualStudioVersion = 10.0.40219.1
Project("{8BC9CEB8-8B4A-11D0-8D11-00A0C91BC942}") = "prac2_2_v2", "prac2_2_v2.vcxproj", "{DA6D9006-681A-4FC1-9413-50E99CF048F1}"
EndProject
Global
	GlobalSection(SolutionConfigurationPlatforms) = preSolution
		Debug|x64 = Debug|x64
		Debug|x86 = Debug|x86
		Release|x64 = Release|x64
		Release|x86 = Release|x86
	EndGlobalSection
	GlobalSection(ProjectConfigurationPlatforms) = postSolution
		{DA6D9006-681A-4FC1-9413-50E99CF048F1}.Debug|x64.ActiveCfg = Debug|x64
		{DA6D9006-681A-4FC1-9413-50E99CF048F1}.Debug|x64.Build.0 = Debug|x64
		{DA6D9006-681A-4FC1-9413-50E99CF048F1}.Debug|x86.ActiveCfg = Debug|Win32
		{DA6D9006-681A-4FC1-9413-50E99CF048F1}.Debug|x86.Build.0 = Debug|Win32
		{DA6D9006-681A-4FC1-9413-50E99CF048F1}.Release|x64.ActiveCfg = Release|x64
		{DA6D9006-681A-4FC1-9413-50E99CF048F1}.Release|x64.Build.0 = Release|x64
		{DA6D9006-681A-4FC1-9413-50E99CF048F1}.Release|x86.ActiveCfg = Release|Win32
		{DA6D9006-681A-4FC1-9413-50E99CF048F1}.Release|x86.Build.0 = Release|Win32
	EndGlobalSection
	GlobalSection(SolutionProperties) = preSolution
		HideSolutionNode = FALSE
	EndGlobalSection
	GlobalSection(ExtensibilityGlobals) = postSolution
		SolutionGuid = {939AE0A3-7FEA-4A2D-B47D-75E9D1B858C9}
	EndGlobalSection
EndGlobal
